{
  "name": "load-balanced-app",
  "version": "1.0.0",
  "lockfileVersion": 2,
  "requires": true,
  "packages": {
    "": {
      "name": "load-balanced-app",
      "version": "1.0.0",
      "license": "MIT",
      "dependencies": {
        "dot": "^2.0.0-beta.1"
      }
    },
    "node_modules/dot": {
      "version": "2.0.0-beta.1",
      "resolved": "https://registry.npmjs.org/dot/-/dot-2.0.0-beta.1.tgz",
      "integrity": "sha512-kxM7fSnNQTXOmaeGuBSXM8O3fEsBb7XSDBllkGbRwa0lJSJTxxDE/4eSNGLKZUmlFw0f1vJ5qSV2BljrgQtgIA=="
    }
  },
  "dependencies": {
    "dot": {
      "version": "2.0.0-beta.1",
      "resolved": "https://registry.npmjs.org/dot/-/dot-2.0.0-beta.1.tgz",
      "integrity": "sha512-kxM7fSnNQTXOmaeGuBSXM8O3fEsBb7XSDBllkGbRwa0lJSJTxxDE/4eSNGLKZUmlFw0f1vJ5qSV2BljrgQtgIA=="
    }
  }
}
